<?xml version="1.0" encoding="utf-8"?>
<Project ToolsVersion="4.0" xmlns="http://schemas.microsoft.com/developer/msbuild/2003">
  <ItemGroup>
    <Filter Include="Source Files">
      <UniqueIdentifier>{4FC737F1-C7A5-4376-A066-2A32D752A2FF}</UniqueIdentifier>
      <Extensions>cpp;c;cc;cxx;def;odl;idl;hpj;bat;asm;asmx</Extensions>
    </Filter>
    <Filter Include="Header Files">
      <UniqueIdentifier>{93995380-89BD-4b04-88EB-625FBE52EBFB}</UniqueIdentifier>
      <Extensions>h;hh;hpp;hxx;hm;inl;inc;xsd</Extensions>
    </Filter>
    <Filter Include="Resource Files">
      <UniqueIdentifier>{67DA6AB6-F800-4c08-8B7A-83BB121AAD01}</UniqueIdentifier>
      <Extensions>rc;ico;cur;bmp;dlg;rc2;rct;bin;rgs;gif;jpg;jpeg;jpe;resx;tiff;tif;png;wav;mfcribbon-ms</Extensions>
    </Filter>
    <Filter Include="Header Files\common">
      <UniqueIdentifier>{ff2bf50e-a944-4a7e-a4de-bd1ac7a589f1}</UniqueIdentifier>
    </Filter>
    <Filter Include="Header Files\neuralNetwork">
      <UniqueIdentifier>{7497e3da-ca01-40a8-acaa-b59ecc271bdd}</UniqueIdentifier>
    </Filter>
    <Filter Include="Source Files\neuralNetwork">
      <UniqueIdentifier>{00fa92a4-368b-4a5f-b29b-35c2464aeeed}</UniqueIdentifier>
    </Filter>
    <Filter Include="Source Files\common">
      <UniqueIdentifier>{adf67bc7-d3f8-4482-bee1-35be608020fa}</UniqueIdentifier>
    </Filter>
    <Filter Include="Source Files\common\expression">
      <UniqueIdentifier>{7f2cd77e-1998-4213-a360-9b67bec72e82}</UniqueIdentifier>
    </Filter>
    <Filter Include="Source Files\common\expression\expression_parser">
      <UniqueIdentifier>{2d28f96a-067d-4e6e-b1da-5ff832a07e09}</UniqueIdentifier>
    </Filter>
    <Filter Include="Header Files\common\expression">
      <UniqueIdentifier>{269dcac8-c004-4227-9452-ebcc7b211b43}</UniqueIdentifier>
    </Filter>
    <Filter Include="Header Files\common\expression\expression_parser">
      <UniqueIdentifier>{a5aef0e0-9f43-4b3b-826a-5240a81d0d79}</UniqueIdentifier>
    </Filter>
    <Filter Include="Source Files\neuralNetwork\model">
      <UniqueIdentifier>{e708a2da-b7f6-4291-a419-630e66f54a6e}</UniqueIdentifier>
    </Filter>
    <Filter Include="Header Files\neuralNetwork\model">
      <UniqueIdentifier>{71b213e4-7db2-42c5-a158-378b94abf010}</UniqueIdentifier>
    </Filter>
  </ItemGroup>
  <ItemGroup>
    <ClInclude Include="MainForm.h">
      <Filter>Header Files</Filter>
    </ClInclude>
    <ClInclude Include="common\expression\expression_parser_cpp\constants.h">
      <Filter>Header Files\common\expression\expression_parser</Filter>
    </ClInclude>
    <ClInclude Include="common\expression\expression_parser_cpp\error.h">
      <Filter>Header Files\common\expression\expression_parser</Filter>
    </ClInclude>
    <ClInclude Include="common\expression\expression_parser_cpp\functions.h">
      <Filter>Header Files\common\expression\expression_parser</Filter>
    </ClInclude>
    <ClInclude Include="common\expression\expression_parser_cpp\parser.h">
      <Filter>Header Files\common\expression\expression_parser</Filter>
    </ClInclude>
    <ClInclude Include="common\expression\expression_parser_cpp\variablelist.h">
      <Filter>Header Files\common\expression\expression_parser</Filter>
    </ClInclude>
    <ClInclude Include="common\expression\Expression.h">
      <Filter>Header Files\common\expression</Filter>
    </ClInclude>
    <ClInclude Include="common\Normalizer.h">
      <Filter>Header Files\common</Filter>
    </ClInclude>
    <ClInclude Include="common\StringHelper.h">
      <Filter>Header Files\common</Filter>
    </ClInclude>
    <ClInclude Include="neuralNetwork\neuralNetwork.h">
      <Filter>Header Files\neuralNetwork</Filter>
    </ClInclude>
    <ClInclude Include="neuralNetwork\model\Connection.h">
      <Filter>Header Files\neuralNetwork\model</Filter>
    </ClInclude>
    <ClInclude Include="neuralNetwork\model\Net.h">
      <Filter>Header Files\neuralNetwork\model</Filter>
    </ClInclude>
    <ClInclude Include="neuralNetwork\model\Neuron.h">
      <Filter>Header Files\neuralNetwork\model</Filter>
    </ClInclude>
    <ClInclude Include="neuralNetwork\model\Topology.h">
      <Filter>Header Files\neuralNetwork\model</Filter>
    </ClInclude>
    <ClInclude Include="neuralNetwork\model\TrainingData.h">
      <Filter>Header Files\neuralNetwork\model</Filter>
    </ClInclude>
  </ItemGroup>
  <ItemGroup>
    <EmbeddedResource Include="MainForm.resx">
      <Filter>Resource Files</Filter>
    </EmbeddedResource>
  </ItemGroup>
  <ItemGroup>
    <ClCompile Include="MainForm.cpp">
      <Filter>Source Files</Filter>
    </ClCompile>
    <ClCompile Include="MainFrame.cpp">
      <Filter>Source Files</Filter>
    </ClCompile>
    <ClCompile Include="common\Normalizer.cpp">
      <Filter>Source Files\common</Filter>
    </ClCompile>
    <ClCompile Include="common\StringHelper.cpp">
      <Filter>Source Files\common</Filter>
    </ClCompile>
    <ClCompile Include="common\expression\Expression.cpp">
      <Filter>Source Files\common\expression</Filter>
    </ClCompile>
    <ClCompile Include="common\expression\expression_parser_cpp\error.cpp">
      <Filter>Source Files\common\expression\expression_parser</Filter>
    </ClCompile>
    <ClCompile Include="common\expression\expression_parser_cpp\functions.cpp">
      <Filter>Source Files\common\expression\expression_parser</Filter>
    </ClCompile>
    <ClCompile Include="common\expression\expression_parser_cpp\parser.cpp">
      <Filter>Source Files\common\expression\expression_parser</Filter>
    </ClCompile>
    <ClCompile Include="common\expression\expression_parser_cpp\variablelist.cpp">
      <Filter>Source Files\common\expression\expression_parser</Filter>
    </ClCompile>
    <ClCompile Include="neuralNetwork\neuralNetwork.cpp">
      <Filter>Source Files\neuralNetwork</Filter>
    </ClCompile>
    <ClCompile Include="neuralNetwork\model\Net.cpp">
      <Filter>Source Files\neuralNetwork\model</Filter>
    </ClCompile>
    <ClCompile Include="neuralNetwork\model\Neuron.cpp">
      <Filter>Source Files\neuralNetwork\model</Filter>
    </ClCompile>
    <ClCompile Include="neuralNetwork\model\Topology.cpp">
      <Filter>Source Files\neuralNetwork\model</Filter>
    </ClCompile>
    <ClCompile Include="neuralNetwork\model\TrainingData.cpp">
      <Filter>Source Files\neuralNetwork\model</Filter>
    </ClCompile>
  </ItemGroup>
</Project>